
Microsoft Visual Studio Solution File, Format Version 12.00
# Visual Studio 14
VisualStudioVersion = 14.0.24720.0
MinimumVisualStudioVersion = 10.0.40219.1
Project("{FAE04EC0-301F-11D3-BF4B-00C04F79EFBC}") = "OSCADSharp", "OSCADSharp\OSCADSharp.csproj", "{E420CE17-2F13-4ABC-87D7-C9744DF39D3D}"
EndProject
Project("{FAE04EC0-301F-11D3-BF4B-00C04F79EFBC}") = "OSCADSharp.ConsoleTests", "OSCADSharp.ConsoleTests\OSCADSharp.ConsoleTests.csproj", "{E1010464-A816-4F86-AE22-8465C27723C4}"
EndProject
Project("{FAE04EC0-301F-11D3-BF4B-00C04F79EFBC}") = "OSCADSharp.UnitTests", "OSCADSharp.UnitTests\OSCADSharp.UnitTests.csproj", "{73F78C4B-06E4-4ABF-B331-65ECF090E24E}"
EndProject
Project("{2150E333-8FDC-42A3-9474-1A3956D46DE8}") = "Solution Items", "Solution Items", "{C831DC9A-396A-43F9-AAC6-410A88485356}"
	ProjectSection(SolutionItems) = preProject
		..\LICENSE.txt = ..\LICENSE.txt
		OSCADSharp\OSCADSharp.nuspec = OSCADSharp\OSCADSharp.nuspec
		..\README.md = ..\README.md
	EndProjectSection
EndProject
Global
	GlobalSection(SolutionConfigurationPlatforms) = preSolution
		Debug|Any CPU = Debug|Any CPU
		Release|Any CPU = Release|Any CPU
	EndGlobalSection
	GlobalSection(ProjectConfigurationPlatforms) = postSolution
		{E420CE17-2F13-4ABC-87D7-C9744DF39D3D}.Debug|Any CPU.ActiveCfg = Debug|Any CPU
		{E420CE17-2F13-4ABC-87D7-C9744DF39D3D}.Debug|Any CPU.Build.0 = Debug|Any CPU
		{E420CE17-2F13-4ABC-87D7-C9744DF39D3D}.Release|Any CPU.ActiveCfg = Release|Any CPU
		{E420CE17-2F13-4ABC-87D7-C9744DF39D3D}.Release|Any CPU.Build.0 = Release|Any CPU
		{E1010464-A816-4F86-AE22-8465C27723C4}.Debug|Any CPU.ActiveCfg = Debug|Any CPU
		{E1010464-A816-4F86-AE22-8465C27723C4}.Debug|Any CPU.Build.0 = Debug|Any CPU
		{E1010464-A816-4F86-AE22-8465C27723C4}.Release|Any CPU.ActiveCfg = Release|Any CPU
		{E1010464-A816-4F86-AE22-8465C27723C4}.Release|Any CPU.Build.0 = Release|Any CPU
		{73F78C4B-06E4-4ABF-B331-65ECF090E24E}.Debug|Any CPU.ActiveCfg = Debug|Any CPU
		{73F78C4B-06E4-4ABF-B331-65ECF090E24E}.Debug|Any CPU.Build.0 = Debug|Any CPU
		{73F78C4B-06E4-4ABF-B331-65ECF090E24E}.Release|Any CPU.ActiveCfg = Release|Any CPU
		{73F78C4B-06E4-4ABF-B331-65ECF090E24E}.Release|Any CPU.Build.0 = Release|Any CPU
	EndGlobalSection
	GlobalSection(SolutionProperties) = preSolution
		HideSolutionNode = FALSE
	EndGlobalSection
EndGlobal
